
Microsoft Visual Studio Solution File, Format Version 12.00
# Visual Studio 15
VisualStudioVersion = 15.0.27703.2018
MinimumVisualStudioVersion = 10.0.40219.1
Project("{FAE04EC0-301F-11D3-BF4B-00C04F79EFBC}") = "WEB_PROYECTOS", "WEB_PROYECTOS\WEB_PROYECTOS.csproj", "{19604F67-4360-4123-B80E-6B28E4FBA326}"
EndProject
Project("{FAE04EC0-301F-11D3-BF4B-00C04F79EFBC}") = "DATOS", "DATOS\DATOS.csproj", "{0A308AC3-7363-4015-B064-BB88AA0306F3}"
EndProject
Project("{FAE04EC0-301F-11D3-BF4B-00C04F79EFBC}") = "ENTIDAD", "ENTIDAD\ENTIDAD.csproj", "{390781EA-2A81-4693-AD58-C7358A1B6606}"
EndProject
Project("{FAE04EC0-301F-11D3-BF4B-00C04F79EFBC}") = "NEGOCIO", "NEGOCIO\NEGOCIO.csproj", "{5AC7227A-6CDB-4010-ACF0-FB74E3768063}"
EndProject
Global
	GlobalSection(SolutionConfigurationPlatforms) = preSolution
		Debug|Any CPU = Debug|Any CPU
		Release|Any CPU = Release|Any CPU
	EndGlobalSection
	GlobalSection(ProjectConfigurationPlatforms) = postSolution
		{19604F67-4360-4123-B80E-6B28E4FBA326}.Debug|Any CPU.ActiveCfg = Debug|Any CPU
		{19604F67-4360-4123-B80E-6B28E4FBA326}.Debug|Any CPU.Build.0 = Debug|Any CPU
		{19604F67-4360-4123-B80E-6B28E4FBA326}.Release|Any CPU.ActiveCfg = Release|Any CPU
		{19604F67-4360-4123-B80E-6B28E4FBA326}.Release|Any CPU.Build.0 = Release|Any CPU
		{0A308AC3-7363-4015-B064-BB88AA0306F3}.Debug|Any CPU.ActiveCfg = Debug|Any CPU
		{0A308AC3-7363-4015-B064-BB88AA0306F3}.Debug|Any CPU.Build.0 = Debug|Any CPU
		{0A308AC3-7363-4015-B064-BB88AA0306F3}.Release|Any CPU.ActiveCfg = Release|Any CPU
		{0A308AC3-7363-4015-B064-BB88AA0306F3}.Release|Any CPU.Build.0 = Release|Any CPU
		{390781EA-2A81-4693-AD58-C7358A1B6606}.Debug|Any CPU.ActiveCfg = Debug|Any CPU
		{390781EA-2A81-4693-AD58-C7358A1B6606}.Debug|Any CPU.Build.0 = Debug|Any CPU
		{390781EA-2A81-4693-AD58-C7358A1B6606}.Release|Any CPU.ActiveCfg = Release|Any CPU
		{390781EA-2A81-4693-AD58-C7358A1B6606}.Release|Any CPU.Build.0 = Release|Any CPU
		{5AC7227A-6CDB-4010-ACF0-FB74E3768063}.Debug|Any CPU.ActiveCfg = Debug|Any CPU
		{5AC7227A-6CDB-4010-ACF0-FB74E3768063}.Debug|Any CPU.Build.0 = Debug|Any CPU
		{5AC7227A-6CDB-4010-ACF0-FB74E3768063}.Release|Any CPU.ActiveCfg = Release|Any CPU
		{5AC7227A-6CDB-4010-ACF0-FB74E3768063}.Release|Any CPU.Build.0 = Release|Any CPU
	EndGlobalSection
	GlobalSection(SolutionProperties) = preSolution
		HideSolutionNode = FALSE
	EndGlobalSection
	GlobalSection(ExtensibilityGlobals) = postSolution
		SolutionGuid = {B2BA6BBC-37AE-4F64-B9D9-5A2F41E7BE1C}
	EndGlobalSection
EndGlobal
